
Microsoft Visual Studio Solution File, Format Version 12.00
# Visual Studio Version 17
VisualStudioVersion = 17.8.34316.72
MinimumVisualStudioVersion = 10.0.40219.1
Project("{FAE04EC0-301F-11D3-BF4B-00C04F79EFBC}") = "Ejer3", "Ejer3.csproj", "{55D60002-F92F-46D0-AE58-29B57F9B6E1C}"
EndProject
Global
	GlobalSection(SolutionConfigurationPlatforms) = preSolution
		Debug|Any CPU = Debug|Any CPU
		Release|Any CPU = Release|Any CPU
	EndGlobalSection
	GlobalSection(ProjectConfigurationPlatforms) = postSolution
		{55D60002-F92F-46D0-AE58-29B57F9B6E1C}.Debug|Any CPU.ActiveCfg = Debug|Any CPU
		{55D60002-F92F-46D0-AE58-29B57F9B6E1C}.Debug|Any CPU.Build.0 = Debug|Any CPU
		{55D60002-F92F-46D0-AE58-29B57F9B6E1C}.Release|Any CPU.ActiveCfg = Release|Any CPU
		{55D60002-F92F-46D0-AE58-29B57F9B6E1C}.Release|Any CPU.Build.0 = Release|Any CPU
	EndGlobalSection
	GlobalSection(SolutionProperties) = preSolution
		HideSolutionNode = FALSE
	EndGlobalSection
	GlobalSection(ExtensibilityGlobals) = postSolution
		SolutionGuid = {6FA57CFA-BB8B-4F84-B494-A3DEBE3A8344}
	EndGlobalSection
EndGlobal
